
Microsoft Visual Studio Solution File, Format Version 12.00
# Visual Studio Version 16
VisualStudioVersion = 16.0.31702.278
MinimumVisualStudioVersion = 10.0.40219.1
Project("{FAE04EC0-301F-11D3-BF4B-00C04F79EFBC}") = "FranApp.Android", "FranApp\FranApp.Android\FranApp.Android.csproj", "{9EC98707-AF31-4C0F-BD13-388732602AEB}"
EndProject
Project("{FAE04EC0-301F-11D3-BF4B-00C04F79EFBC}") = "FranApp.iOS", "FranApp\FranApp.iOS\FranApp.iOS.csproj", "{441FDF90-6DA6-4D04-A1A3-1E7785554800}"
EndProject
Project("{FAE04EC0-301F-11D3-BF4B-00C04F79EFBC}") = "FranApp", "FranApp\FranApp\FranApp.csproj", "{8011A25F-D8CD-4124-BB05-9F2C56B62FB2}"
EndProject
Global
	GlobalSection(SolutionConfigurationPlatforms) = preSolution
		Debug|Any CPU = Debug|Any CPU
		Debug|iPhone = Debug|iPhone
		Debug|iPhoneSimulator = Debug|iPhoneSimulator
		Release|Any CPU = Release|Any CPU
		Release|iPhone = Release|iPhone
		Release|iPhoneSimulator = Release|iPhoneSimulator
	EndGlobalSection
	GlobalSection(ProjectConfigurationPlatforms) = postSolution
		{9EC98707-AF31-4C0F-BD13-388732602AEB}.Debug|Any CPU.ActiveCfg = Debug|Any CPU
		{9EC98707-AF31-4C0F-BD13-388732602AEB}.Debug|Any CPU.Build.0 = Debug|Any CPU
		{9EC98707-AF31-4C0F-BD13-388732602AEB}.Debug|Any CPU.Deploy.0 = Debug|Any CPU
		{9EC98707-AF31-4C0F-BD13-388732602AEB}.Debug|iPhone.ActiveCfg = Debug|Any CPU
		{9EC98707-AF31-4C0F-BD13-388732602AEB}.Debug|iPhone.Build.0 = Debug|Any CPU
		{9EC98707-AF31-4C0F-BD13-388732602AEB}.Debug|iPhone.Deploy.0 = Debug|Any CPU
		{9EC98707-AF31-4C0F-BD13-388732602AEB}.Debug|iPhoneSimulator.ActiveCfg = Debug|Any CPU
		{9EC98707-AF31-4C0F-BD13-388732602AEB}.Debug|iPhoneSimulator.Build.0 = Debug|Any CPU
		{9EC98707-AF31-4C0F-BD13-388732602AEB}.Debug|iPhoneSimulator.Deploy.0 = Debug|Any CPU
		{9EC98707-AF31-4C0F-BD13-388732602AEB}.Release|Any CPU.ActiveCfg = Release|Any CPU
		{9EC98707-AF31-4C0F-BD13-388732602AEB}.Release|Any CPU.Build.0 = Release|Any CPU
		{9EC98707-AF31-4C0F-BD13-388732602AEB}.Release|Any CPU.Deploy.0 = Release|Any CPU
		{9EC98707-AF31-4C0F-BD13-388732602AEB}.Release|iPhone.ActiveCfg = Release|Any CPU
		{9EC98707-AF31-4C0F-BD13-388732602AEB}.Release|iPhone.Build.0 = Release|Any CPU
		{9EC98707-AF31-4C0F-BD13-388732602AEB}.Release|iPhone.Deploy.0 = Release|Any CPU
		{9EC98707-AF31-4C0F-BD13-388732602AEB}.Release|iPhoneSimulator.ActiveCfg = Release|Any CPU
		{9EC98707-AF31-4C0F-BD13-388732602AEB}.Release|iPhoneSimulator.Build.0 = Release|Any CPU
		{9EC98707-AF31-4C0F-BD13-388732602AEB}.Release|iPhoneSimulator.Deploy.0 = Release|Any CPU
		{441FDF90-6DA6-4D04-A1A3-1E7785554800}.Debug|Any CPU.ActiveCfg = Debug|iPhone
		{441FDF90-6DA6-4D04-A1A3-1E7785554800}.Debug|Any CPU.Build.0 = Debug|iPhone
		{441FDF90-6DA6-4D04-A1A3-1E7785554800}.Debug|Any CPU.Deploy.0 = Debug|iPhone
		{441FDF90-6DA6-4D04-A1A3-1E7785554800}.Debug|iPhone.ActiveCfg = Debug|iPhone
		{441FDF90-6DA6-4D04-A1A3-1E7785554800}.Debug|iPhone.Build.0 = Debug|iPhone
		{441FDF90-6DA6-4D04-A1A3-1E7785554800}.Debug|iPhone.Deploy.0 = Debug|iPhone
		{441FDF90-6DA6-4D04-A1A3-1E7785554800}.Debug|iPhoneSimulator.ActiveCfg = Debug|iPhoneSimulator
		{441FDF90-6DA6-4D04-A1A3-1E7785554800}.Debug|iPhoneSimulator.Build.0 = Debug|iPhoneSimulator
		{441FDF90-6DA6-4D04-A1A3-1E7785554800}.Debug|iPhoneSimulator.Deploy.0 = Debug|iPhoneSimulator
		{441FDF90-6DA6-4D04-A1A3-1E7785554800}.Release|Any CPU.ActiveCfg = Release|iPhoneSimulator
		{441FDF90-6DA6-4D04-A1A3-1E7785554800}.Release|Any CPU.Build.0 = Release|iPhoneSimulator
		{441FDF90-6DA6-4D04-A1A3-1E7785554800}.Release|Any CPU.Deploy.0 = Release|iPhoneSimulator
		{441FDF90-6DA6-4D04-A1A3-1E7785554800}.Release|iPhone.ActiveCfg = Release|iPhone
		{441FDF90-6DA6-4D04-A1A3-1E7785554800}.Release|iPhone.Build.0 = Release|iPhone
		{441FDF90-6DA6-4D04-A1A3-1E7785554800}.Release|iPhone.Deploy.0 = Release|iPhone
		{441FDF90-6DA6-4D04-A1A3-1E7785554800}.Release|iPhoneSimulator.ActiveCfg = Release|iPhoneSimulator
		{441FDF90-6DA6-4D04-A1A3-1E7785554800}.Release|iPhoneSimulator.Build.0 = Release|iPhoneSimulator
		{441FDF90-6DA6-4D04-A1A3-1E7785554800}.Release|iPhoneSimulator.Deploy.0 = Release|iPhoneSimulator
		{8011A25F-D8CD-4124-BB05-9F2C56B62FB2}.Debug|Any CPU.ActiveCfg = Debug|Any CPU
		{8011A25F-D8CD-4124-BB05-9F2C56B62FB2}.Debug|Any CPU.Build.0 = Debug|Any CPU
		{8011A25F-D8CD-4124-BB05-9F2C56B62FB2}.Debug|Any CPU.Deploy.0 = Debug|Any CPU
		{8011A25F-D8CD-4124-BB05-9F2C56B62FB2}.Debug|iPhone.ActiveCfg = Debug|Any CPU
		{8011A25F-D8CD-4124-BB05-9F2C56B62FB2}.Debug|iPhone.Build.0 = Debug|Any CPU
		{8011A25F-D8CD-4124-BB05-9F2C56B62FB2}.Debug|iPhone.Deploy.0 = Debug|Any CPU
		{8011A25F-D8CD-4124-BB05-9F2C56B62FB2}.Debug|iPhoneSimulator.ActiveCfg = Debug|Any CPU
		{8011A25F-D8CD-4124-BB05-9F2C56B62FB2}.Debug|iPhoneSimulator.Build.0 = Debug|Any CPU
		{8011A25F-D8CD-4124-BB05-9F2C56B62FB2}.Debug|iPhoneSimulator.Deploy.0 = Debug|Any CPU
		{8011A25F-D8CD-4124-BB05-9F2C56B62FB2}.Release|Any CPU.ActiveCfg = Release|Any CPU
		{8011A25F-D8CD-4124-BB05-9F2C56B62FB2}.Release|Any CPU.Build.0 = Release|Any CPU
		{8011A25F-D8CD-4124-BB05-9F2C56B62FB2}.Release|Any CPU.Deploy.0 = Release|Any CPU
		{8011A25F-D8CD-4124-BB05-9F2C56B62FB2}.Release|iPhone.ActiveCfg = Release|Any CPU
		{8011A25F-D8CD-4124-BB05-9F2C56B62FB2}.Release|iPhone.Build.0 = Release|Any CPU
		{8011A25F-D8CD-4124-BB05-9F2C56B62FB2}.Release|iPhone.Deploy.0 = Release|Any CPU
		{8011A25F-D8CD-4124-BB05-9F2C56B62FB2}.Release|iPhoneSimulator.ActiveCfg = Release|Any CPU
		{8011A25F-D8CD-4124-BB05-9F2C56B62FB2}.Release|iPhoneSimulator.Build.0 = Release|Any CPU
		{8011A25F-D8CD-4124-BB05-9F2C56B62FB2}.Release|iPhoneSimulator.Deploy.0 = Release|Any CPU
	EndGlobalSection
	GlobalSection(SolutionProperties) = preSolution
		HideSolutionNode = FALSE
	EndGlobalSection
	GlobalSection(ExtensibilityGlobals) = postSolution
		SolutionGuid = {FEB53200-D1A4-4ABC-A3E5-7A5B98E95219}
	EndGlobalSection
EndGlobal
